
Microsoft Visual Studio Solution File, Format Version 12.00
# Visual Studio Version 17
VisualStudioVersion = 17.11.35208.52
MinimumVisualStudioVersion = 10.0.40219.1
Project("{2150E333-8FDC-42A3-9474-1A3956D46DE8}") = "Services", "Services", "{91A3B789-13C2-4FAA-ADDC-4AB7B92CC494}"
EndProject
Project("{2150E333-8FDC-42A3-9474-1A3956D46DE8}") = "Catalog", "Catalog", "{3D4CC5CA-49D9-4D2B-9818-52D7F55BDBB3}"
EndProject
Project("{9A19103F-16F7-4668-BE54-9A1E7A4F7556}") = "MultiShop.Catalog", "Services\Catalog\MultiShop.Catalog\MultiShop.Catalog.csproj", "{D8BE7893-0EE2-484B-B7C6-6CA80D5F9EEC}"
EndProject
Project("{2150E333-8FDC-42A3-9474-1A3956D46DE8}") = "Discount", "Discount", "{2B8EC4A1-3937-49A7-9809-20326F80D46F}"
EndProject
Project("{9A19103F-16F7-4668-BE54-9A1E7A4F7556}") = "MultiShop.Discount", "Services\Discount\MultiShop.Discount\MultiShop.Discount.csproj", "{E7E10A6D-B7D8-4CEE-95F3-28CE0CD9E0B8}"
EndProject
Project("{2150E333-8FDC-42A3-9474-1A3956D46DE8}") = "Order", "Order", "{9D109BE4-5189-4D00-BBF7-0017854A3F0A}"
EndProject
Project("{2150E333-8FDC-42A3-9474-1A3956D46DE8}") = "Infrastructure", "Infrastructure", "{EDE5E64A-A147-4826-91A8-2BE078836EC6}"
EndProject
Project("{2150E333-8FDC-42A3-9474-1A3956D46DE8}") = "Core", "Core", "{B605A0D5-183D-4D5B-ADFD-B028162A0BBA}"
EndProject
Project("{2150E333-8FDC-42A3-9474-1A3956D46DE8}") = "Presentation", "Presentation", "{99E6DE78-5857-4C16-8217-575EAFBCC7D0}"
EndProject
Project("{9A19103F-16F7-4668-BE54-9A1E7A4F7556}") = "MultiShop.Order.Application", "Services\Order\Core\MultiShop.Order.Application\MultiShop.Order.Application.csproj", "{5193C83F-2F6D-49B6-93E6-7253CBFDDFA2}"
EndProject
Project("{9A19103F-16F7-4668-BE54-9A1E7A4F7556}") = "MultiShop.Order.Domain", "Services\Order\Core\MultiShop.Order.Domain\MultiShop.Order.Domain.csproj", "{75D94625-6B21-40AB-B367-5FC02D45E16D}"
EndProject
Project("{9A19103F-16F7-4668-BE54-9A1E7A4F7556}") = "MultiShop.Order.Persistence", "Services\Order\Infrastructure\MultiShop.Order.Persistence\MultiShop.Order.Persistence.csproj", "{0064359C-FF60-4E2D-B241-9F45DC92C53E}"
EndProject
Project("{9A19103F-16F7-4668-BE54-9A1E7A4F7556}") = "MultiShop.Order.WebApi", "Services\Order\Presentation\MultiShop.Order.WebApi\MultiShop.Order.WebApi.csproj", "{541DD0A5-4711-4310-8264-5F4744F128E4}"
EndProject
Project("{2150E333-8FDC-42A3-9474-1A3956D46DE8}") = "IdentityServer", "IdentityServer", "{4C7667ED-10F2-438E-9037-07B9717D1411}"
EndProject
Project("{9A19103F-16F7-4668-BE54-9A1E7A4F7556}") = "MultiShop.IdentityServer", "IdentityServer\MultiShop.IdentityServer\MultiShop.IdentityServer.csproj", "{53D1A7AB-BE91-44C0-B75C-EFD40152F958}"
EndProject
Project("{2150E333-8FDC-42A3-9474-1A3956D46DE8}") = "Requirements", "Requirements", "{46A11A17-1B09-4659-BF61-3F76AFBDEA3D}"
	ProjectSection(SolutionItems) = preProject
		PortNumber.txt = PortNumber.txt
	EndProjectSection
EndProject
Project("{2150E333-8FDC-42A3-9474-1A3956D46DE8}") = "Cargo", "Cargo", "{94A66F20-1552-41FB-B802-05E9085F3186}"
EndProject
Project("{9A19103F-16F7-4668-BE54-9A1E7A4F7556}") = "MultiShop.Cargo.BusinessLayer", "Services\Cargo\MultiShop.Cargo.BusinessLayer\MultiShop.Cargo.BusinessLayer.csproj", "{B3FAEC1F-33C7-4410-911F-A590829908DB}"
EndProject
Project("{9A19103F-16F7-4668-BE54-9A1E7A4F7556}") = "MultiShop.Cargo.EntityLayer", "Services\Cargo\MultiShop.Cargo.EntityLayer\MultiShop.Cargo.EntityLayer.csproj", "{BA2A4E7C-E710-4AD2-BE92-699EA618549A}"
EndProject
Project("{9A19103F-16F7-4668-BE54-9A1E7A4F7556}") = "MultiShop.Cargo.DataAccessLayer", "Services\Cargo\MultiShop.Cargo.DataAccessLayer\MultiShop.Cargo.DataAccessLayer.csproj", "{2E229FBE-14B8-40CA-9D5E-D8A19344FC83}"
EndProject
Project("{9A19103F-16F7-4668-BE54-9A1E7A4F7556}") = "MultiShop.Cargo.DtoLayer", "Services\Cargo\MultiShop.Cargo.DtoLayer\MultiShop.Cargo.DtoLayer.csproj", "{7025793E-1EC2-407D-BC0D-7357A0D5653F}"
EndProject
Project("{9A19103F-16F7-4668-BE54-9A1E7A4F7556}") = "MultiShop.Cargo.WebApi", "Services\Cargo\MultiShop.Cargo.WebApi\MultiShop.Cargo.WebApi.csproj", "{B006A49D-3263-41FD-9F91-13478C334F4E}"
EndProject
Project("{2150E333-8FDC-42A3-9474-1A3956D46DE8}") = "Basket", "Basket", "{9A02F8D5-E42E-4A43-89D0-E38382F7C34E}"
EndProject
Project("{FAE04EC0-301F-11D3-BF4B-00C04F79EFBC}") = "MultiShop.Basket", "Services\Basket\MultiShop.Basket\MultiShop.Basket.csproj", "{0E6F2FD7-F639-4536-A604-1C6D99797110}"
EndProject
Global
	GlobalSection(SolutionConfigurationPlatforms) = preSolution
		Debug|Any CPU = Debug|Any CPU
		Release|Any CPU = Release|Any CPU
	EndGlobalSection
	GlobalSection(ProjectConfigurationPlatforms) = postSolution
		{D8BE7893-0EE2-484B-B7C6-6CA80D5F9EEC}.Debug|Any CPU.ActiveCfg = Debug|Any CPU
		{D8BE7893-0EE2-484B-B7C6-6CA80D5F9EEC}.Debug|Any CPU.Build.0 = Debug|Any CPU
		{D8BE7893-0EE2-484B-B7C6-6CA80D5F9EEC}.Release|Any CPU.ActiveCfg = Release|Any CPU
		{D8BE7893-0EE2-484B-B7C6-6CA80D5F9EEC}.Release|Any CPU.Build.0 = Release|Any CPU
		{E7E10A6D-B7D8-4CEE-95F3-28CE0CD9E0B8}.Debug|Any CPU.ActiveCfg = Debug|Any CPU
		{E7E10A6D-B7D8-4CEE-95F3-28CE0CD9E0B8}.Debug|Any CPU.Build.0 = Debug|Any CPU
		{E7E10A6D-B7D8-4CEE-95F3-28CE0CD9E0B8}.Release|Any CPU.ActiveCfg = Release|Any CPU
		{E7E10A6D-B7D8-4CEE-95F3-28CE0CD9E0B8}.Release|Any CPU.Build.0 = Release|Any CPU
		{5193C83F-2F6D-49B6-93E6-7253CBFDDFA2}.Debug|Any CPU.ActiveCfg = Debug|Any CPU
		{5193C83F-2F6D-49B6-93E6-7253CBFDDFA2}.Debug|Any CPU.Build.0 = Debug|Any CPU
		{5193C83F-2F6D-49B6-93E6-7253CBFDDFA2}.Release|Any CPU.ActiveCfg = Release|Any CPU
		{5193C83F-2F6D-49B6-93E6-7253CBFDDFA2}.Release|Any CPU.Build.0 = Release|Any CPU
		{75D94625-6B21-40AB-B367-5FC02D45E16D}.Debug|Any CPU.ActiveCfg = Debug|Any CPU
		{75D94625-6B21-40AB-B367-5FC02D45E16D}.Debug|Any CPU.Build.0 = Debug|Any CPU
		{75D94625-6B21-40AB-B367-5FC02D45E16D}.Release|Any CPU.ActiveCfg = Release|Any CPU
		{75D94625-6B21-40AB-B367-5FC02D45E16D}.Release|Any CPU.Build.0 = Release|Any CPU
		{0064359C-FF60-4E2D-B241-9F45DC92C53E}.Debug|Any CPU.ActiveCfg = Debug|Any CPU
		{0064359C-FF60-4E2D-B241-9F45DC92C53E}.Debug|Any CPU.Build.0 = Debug|Any CPU
		{0064359C-FF60-4E2D-B241-9F45DC92C53E}.Release|Any CPU.ActiveCfg = Release|Any CPU
		{0064359C-FF60-4E2D-B241-9F45DC92C53E}.Release|Any CPU.Build.0 = Release|Any CPU
		{541DD0A5-4711-4310-8264-5F4744F128E4}.Debug|Any CPU.ActiveCfg = Debug|Any CPU
		{541DD0A5-4711-4310-8264-5F4744F128E4}.Debug|Any CPU.Build.0 = Debug|Any CPU
		{541DD0A5-4711-4310-8264-5F4744F128E4}.Release|Any CPU.ActiveCfg = Release|Any CPU
		{541DD0A5-4711-4310-8264-5F4744F128E4}.Release|Any CPU.Build.0 = Release|Any CPU
		{53D1A7AB-BE91-44C0-B75C-EFD40152F958}.Debug|Any CPU.ActiveCfg = Debug|Any CPU
		{53D1A7AB-BE91-44C0-B75C-EFD40152F958}.Debug|Any CPU.Build.0 = Debug|Any CPU
		{53D1A7AB-BE91-44C0-B75C-EFD40152F958}.Release|Any CPU.ActiveCfg = Release|Any CPU
		{53D1A7AB-BE91-44C0-B75C-EFD40152F958}.Release|Any CPU.Build.0 = Release|Any CPU
		{B3FAEC1F-33C7-4410-911F-A590829908DB}.Debug|Any CPU.ActiveCfg = Debug|Any CPU
		{B3FAEC1F-33C7-4410-911F-A590829908DB}.Debug|Any CPU.Build.0 = Debug|Any CPU
		{B3FAEC1F-33C7-4410-911F-A590829908DB}.Release|Any CPU.ActiveCfg = Release|Any CPU
		{B3FAEC1F-33C7-4410-911F-A590829908DB}.Release|Any CPU.Build.0 = Release|Any CPU
		{BA2A4E7C-E710-4AD2-BE92-699EA618549A}.Debug|Any CPU.ActiveCfg = Debug|Any CPU
		{BA2A4E7C-E710-4AD2-BE92-699EA618549A}.Debug|Any CPU.Build.0 = Debug|Any CPU
		{BA2A4E7C-E710-4AD2-BE92-699EA618549A}.Release|Any CPU.ActiveCfg = Release|Any CPU
		{BA2A4E7C-E710-4AD2-BE92-699EA618549A}.Release|Any CPU.Build.0 = Release|Any CPU
		{2E229FBE-14B8-40CA-9D5E-D8A19344FC83}.Debug|Any CPU.ActiveCfg = Debug|Any CPU
		{2E229FBE-14B8-40CA-9D5E-D8A19344FC83}.Debug|Any CPU.Build.0 = Debug|Any CPU
		{2E229FBE-14B8-40CA-9D5E-D8A19344FC83}.Release|Any CPU.ActiveCfg = Release|Any CPU
		{2E229FBE-14B8-40CA-9D5E-D8A19344FC83}.Release|Any CPU.Build.0 = Release|Any CPU
		{7025793E-1EC2-407D-BC0D-7357A0D5653F}.Debug|Any CPU.ActiveCfg = Debug|Any CPU
		{7025793E-1EC2-407D-BC0D-7357A0D5653F}.Debug|Any CPU.Build.0 = Debug|Any CPU
		{7025793E-1EC2-407D-BC0D-7357A0D5653F}.Release|Any CPU.ActiveCfg = Release|Any CPU
		{7025793E-1EC2-407D-BC0D-7357A0D5653F}.Release|Any CPU.Build.0 = Release|Any CPU
		{B006A49D-3263-41FD-9F91-13478C334F4E}.Debug|Any CPU.ActiveCfg = Debug|Any CPU
		{B006A49D-3263-41FD-9F91-13478C334F4E}.Debug|Any CPU.Build.0 = Debug|Any CPU
		{B006A49D-3263-41FD-9F91-13478C334F4E}.Release|Any CPU.ActiveCfg = Release|Any CPU
		{B006A49D-3263-41FD-9F91-13478C334F4E}.Release|Any CPU.Build.0 = Release|Any CPU
		{0E6F2FD7-F639-4536-A604-1C6D99797110}.Debug|Any CPU.ActiveCfg = Debug|Any CPU
		{0E6F2FD7-F639-4536-A604-1C6D99797110}.Debug|Any CPU.Build.0 = Debug|Any CPU
		{0E6F2FD7-F639-4536-A604-1C6D99797110}.Release|Any CPU.ActiveCfg = Release|Any CPU
		{0E6F2FD7-F639-4536-A604-1C6D99797110}.Release|Any CPU.Build.0 = Release|Any CPU
	EndGlobalSection
	GlobalSection(SolutionProperties) = preSolution
		HideSolutionNode = FALSE
	EndGlobalSection
	GlobalSection(NestedProjects) = preSolution
		{3D4CC5CA-49D9-4D2B-9818-52D7F55BDBB3} = {91A3B789-13C2-4FAA-ADDC-4AB7B92CC494}
		{D8BE7893-0EE2-484B-B7C6-6CA80D5F9EEC} = {3D4CC5CA-49D9-4D2B-9818-52D7F55BDBB3}
		{2B8EC4A1-3937-49A7-9809-20326F80D46F} = {91A3B789-13C2-4FAA-ADDC-4AB7B92CC494}
		{E7E10A6D-B7D8-4CEE-95F3-28CE0CD9E0B8} = {2B8EC4A1-3937-49A7-9809-20326F80D46F}
		{9D109BE4-5189-4D00-BBF7-0017854A3F0A} = {91A3B789-13C2-4FAA-ADDC-4AB7B92CC494}
		{EDE5E64A-A147-4826-91A8-2BE078836EC6} = {9D109BE4-5189-4D00-BBF7-0017854A3F0A}
		{B605A0D5-183D-4D5B-ADFD-B028162A0BBA} = {9D109BE4-5189-4D00-BBF7-0017854A3F0A}
		{99E6DE78-5857-4C16-8217-575EAFBCC7D0} = {9D109BE4-5189-4D00-BBF7-0017854A3F0A}
		{5193C83F-2F6D-49B6-93E6-7253CBFDDFA2} = {B605A0D5-183D-4D5B-ADFD-B028162A0BBA}
		{75D94625-6B21-40AB-B367-5FC02D45E16D} = {B605A0D5-183D-4D5B-ADFD-B028162A0BBA}
		{0064359C-FF60-4E2D-B241-9F45DC92C53E} = {EDE5E64A-A147-4826-91A8-2BE078836EC6}
		{541DD0A5-4711-4310-8264-5F4744F128E4} = {99E6DE78-5857-4C16-8217-575EAFBCC7D0}
		{53D1A7AB-BE91-44C0-B75C-EFD40152F958} = {4C7667ED-10F2-438E-9037-07B9717D1411}
		{94A66F20-1552-41FB-B802-05E9085F3186} = {91A3B789-13C2-4FAA-ADDC-4AB7B92CC494}
		{B3FAEC1F-33C7-4410-911F-A590829908DB} = {94A66F20-1552-41FB-B802-05E9085F3186}
		{BA2A4E7C-E710-4AD2-BE92-699EA618549A} = {94A66F20-1552-41FB-B802-05E9085F3186}
		{2E229FBE-14B8-40CA-9D5E-D8A19344FC83} = {94A66F20-1552-41FB-B802-05E9085F3186}
		{7025793E-1EC2-407D-BC0D-7357A0D5653F} = {94A66F20-1552-41FB-B802-05E9085F3186}
		{B006A49D-3263-41FD-9F91-13478C334F4E} = {94A66F20-1552-41FB-B802-05E9085F3186}
		{9A02F8D5-E42E-4A43-89D0-E38382F7C34E} = {91A3B789-13C2-4FAA-ADDC-4AB7B92CC494}
		{0E6F2FD7-F639-4536-A604-1C6D99797110} = {9A02F8D5-E42E-4A43-89D0-E38382F7C34E}
	EndGlobalSection
	GlobalSection(ExtensibilityGlobals) = postSolution
		SolutionGuid = {0BE9FC29-FDF7-4A77-A800-4B29BB8F4C19}
	EndGlobalSection
EndGlobal
